// !$*UTF8*$!
{
	archiveVersion = 1;
	classes = {
	};
	objectVersion = 50;
	objects = {

/* Begin PBXBuildFile section */
		1F38BABD2283F024008A07CE /* SearchViewController.swift in Sources */ = {isa = PBXBuildFile; fileRef = 1F38BABC2283F024008A07CE /* SearchViewController.swift */; };
		1F38BAC12283F1B6008A07CE /* ACVViewController.swift in Sources */ = {isa = PBXBuildFile; fileRef = 1F38BAC02283F1B6008A07CE /* ACVViewController.swift */; };
		1F38BAC322840F2E008A07CE /* SearchProtocol.swift in Sources */ = {isa = PBXBuildFile; fileRef = 1F38BAC222840F2E008A07CE /* SearchProtocol.swift */; };
		1F38BAC622841DF0008A07CE /* SearchRouter.swift in Sources */ = {isa = PBXBuildFile; fileRef = 1F38BAC522841DF0008A07CE /* SearchRouter.swift */; };
		1F38BAC822841FD7008A07CE /* SearchPresenter.swift in Sources */ = {isa = PBXBuildFile; fileRef = 1F38BAC722841FD7008A07CE /* SearchPresenter.swift */; };
		1F38BACA22841FF0008A07CE /* SearchInteractor.swift in Sources */ = {isa = PBXBuildFile; fileRef = 1F38BAC922841FF0008A07CE /* SearchInteractor.swift */; };
		1F38BACC22843BB8008A07CE /* SearchArticleSection.swift in Sources */ = {isa = PBXBuildFile; fileRef = 1F38BACB22843BB8008A07CE /* SearchArticleSection.swift */; };
		1F38BAD122844140008A07CE /* SearchKeywordSection.swift in Sources */ = {isa = PBXBuildFile; fileRef = 1F38BAD022844140008A07CE /* SearchKeywordSection.swift */; };
		1F38BAD322846B3A008A07CE /* ArticleProtocol.swift in Sources */ = {isa = PBXBuildFile; fileRef = 1F38BAD222846B3A008A07CE /* ArticleProtocol.swift */; };
		1F38BAD822846B6B008A07CE /* ArticleViewController.swift in Sources */ = {isa = PBXBuildFile; fileRef = 1F38BAD722846B6B008A07CE /* ArticleViewController.swift */; };
		1F38BADA22846B7B008A07CE /* ArticlePresenter.swift in Sources */ = {isa = PBXBuildFile; fileRef = 1F38BAD922846B7B008A07CE /* ArticlePresenter.swift */; };
		1F38BADC22846B86008A07CE /* ArticleInteractor.swift in Sources */ = {isa = PBXBuildFile; fileRef = 1F38BADB22846B86008A07CE /* ArticleInteractor.swift */; };
		1F38BADE22846B9A008A07CE /* ArticleRouter.swift in Sources */ = {isa = PBXBuildFile; fileRef = 1F38BADD22846B9A008A07CE /* ArticleRouter.swift */; };
		1F38BAE122846C8E008A07CE /* ArticleCaptionItem.swift in Sources */ = {isa = PBXBuildFile; fileRef = 1F38BAE022846C8E008A07CE /* ArticleCaptionItem.swift */; };
		1F38BAE422846CA9008A07CE /* ArticleCaptionCell.swift in Sources */ = {isa = PBXBuildFile; fileRef = 1F38BAE222846CA9008A07CE /* ArticleCaptionCell.swift */; };
		1F38BAE522846CA9008A07CE /* ArticleCaptionCell.xib in Resources */ = {isa = PBXBuildFile; fileRef = 1F38BAE322846CA9008A07CE /* ArticleCaptionCell.xib */; };
		1F38BAE722846DF4008A07CE /* ArticleDetailView.swift in Sources */ = {isa = PBXBuildFile; fileRef = 1F38BAE622846DF4008A07CE /* ArticleDetailView.swift */; };
		1F38BAE922849465008A07CE /* ArticleDetailSection.swift in Sources */ = {isa = PBXBuildFile; fileRef = 1F38BAE822849465008A07CE /* ArticleDetailSection.swift */; };
		1F3FACF622804F3F002A0705 /* AriticleRepository.swift in Sources */ = {isa = PBXBuildFile; fileRef = 1F3FACF522804F3F002A0705 /* AriticleRepository.swift */; };
		1F3FACFD2280502D002A0705 /* ArticleLocalDataSource.swift in Sources */ = {isa = PBXBuildFile; fileRef = 1F3FACFC2280502D002A0705 /* ArticleLocalDataSource.swift */; };
		1F3FACFF2280503C002A0705 /* ArticleRemoteDataSource.swift in Sources */ = {isa = PBXBuildFile; fileRef = 1F3FACFE2280503C002A0705 /* ArticleRemoteDataSource.swift */; };
		1F3FAD2C22817B38002A0705 /* HomeProtocol.swift in Sources */ = {isa = PBXBuildFile; fileRef = 1F3FAD2B22817B38002A0705 /* HomeProtocol.swift */; };
		1F3FAD3022817B70002A0705 /* HomePresenter.swift in Sources */ = {isa = PBXBuildFile; fileRef = 1F3FAD2F22817B70002A0705 /* HomePresenter.swift */; };
		1F3FAD3222817B79002A0705 /* HomeInteractor.swift in Sources */ = {isa = PBXBuildFile; fileRef = 1F3FAD3122817B79002A0705 /* HomeInteractor.swift */; };
		1F3FAD3422817B82002A0705 /* HomeRouter.swift in Sources */ = {isa = PBXBuildFile; fileRef = 1F3FAD3322817B82002A0705 /* HomeRouter.swift */; };
		1F3FAD3622817D25002A0705 /* ImageRepository.swift in Sources */ = {isa = PBXBuildFile; fileRef = 1F3FAD3522817D25002A0705 /* ImageRepository.swift */; };
		1F3FAD3822817D34002A0705 /* ImageLocalDataSource.swift in Sources */ = {isa = PBXBuildFile; fileRef = 1F3FAD3722817D34002A0705 /* ImageLocalDataSource.swift */; };
		1F3FAD3A22817D44002A0705 /* ImageRemoteDataSource.swift in Sources */ = {isa = PBXBuildFile; fileRef = 1F3FAD3922817D44002A0705 /* ImageRemoteDataSource.swift */; };
		1F3FAD4C22818389002A0705 /* Localizable.strings in Resources */ = {isa = PBXBuildFile; fileRef = 1F3FAD4B22818389002A0705 /* Localizable.strings */; };
		1F3FAD54228184F0002A0705 /* Article.swift in Sources */ = {isa = PBXBuildFile; fileRef = 1F3FAD53228184F0002A0705 /* Article.swift */; };
		1F3FAD6022818A9B002A0705 /* README.md in Resources */ = {isa = PBXBuildFile; fileRef = 1F3FAD5F22818A9B002A0705 /* README.md */; };
		1F3FAD652281FC1B002A0705 /* ACVProtocol.swift in Sources */ = {isa = PBXBuildFile; fileRef = 1F3FAD642281FC1B002A0705 /* ACVProtocol.swift */; };
		1F3FAD672281FE42002A0705 /* ACVAdapter.swift in Sources */ = {isa = PBXBuildFile; fileRef = 1F3FAD662281FE42002A0705 /* ACVAdapter.swift */; };
		1F3FAD6D2283419E002A0705 /* ServiceProvider.swift in Sources */ = {isa = PBXBuildFile; fileRef = 1F3FAD6C2283419E002A0705 /* ServiceProvider.swift */; };
		1F4525B32285DEAB00CFFA7F /* APITest.swift in Sources */ = {isa = PBXBuildFile; fileRef = 1F4525B22285DEAB00CFFA7F /* APITest.swift */; };
		1F4525B52285E47600CFFA7F /* TestServiceProvider.swift in Sources */ = {isa = PBXBuildFile; fileRef = 1F4525B42285E47600CFFA7F /* TestServiceProvider.swift */; };
		1F4525B72285EB2B00CFFA7F /* TestDatabaseStore.swift in Sources */ = {isa = PBXBuildFile; fileRef = 1F4525B62285EB2B00CFFA7F /* TestDatabaseStore.swift */; };
		1F4525BB2285EFF500CFFA7F /* MockImageLocalDataSource.swift in Sources */ = {isa = PBXBuildFile; fileRef = 1F4525BA2285EFF500CFFA7F /* MockImageLocalDataSource.swift */; };
		1F4525BD2285F08A00CFFA7F /* MockServiceProvider.swift in Sources */ = {isa = PBXBuildFile; fileRef = 1F4525BC2285F08A00CFFA7F /* MockServiceProvider.swift */; };
		1F4525C02285F31600CFFA7F /* Default.swift in Sources */ = {isa = PBXBuildFile; fileRef = 1F4525BF2285F31600CFFA7F /* Default.swift */; };
		1F4525C22285F43D00CFFA7F /* MockImageRemoteDataSource.swift in Sources */ = {isa = PBXBuildFile; fileRef = 1F4525C12285F43D00CFFA7F /* MockImageRemoteDataSource.swift */; };
		1F4525C62285F58C00CFFA7F /* TestImageRepository.swift in Sources */ = {isa = PBXBuildFile; fileRef = 1F4525C52285F58C00CFFA7F /* TestImageRepository.swift */; };
		1F4525C82285F59700CFFA7F /* TestImageRemoteDataSource.swift in Sources */ = {isa = PBXBuildFile; fileRef = 1F4525C72285F59700CFFA7F /* TestImageRemoteDataSource.swift */; };
		1F4525CA2285F5A200CFFA7F /* TestImageLocalDataSource.swift in Sources */ = {isa = PBXBuildFile; fileRef = 1F4525C92285F5A200CFFA7F /* TestImageLocalDataSource.swift */; };
		1F4525CE2285F88900CFFA7F /* image.jpg in Resources */ = {isa = PBXBuildFile; fileRef = 1F4525CD2285F88900CFFA7F /* image.jpg */; };
		1F5487A62280B3EB008F6823 /* API.swift in Sources */ = {isa = PBXBuildFile; fileRef = 1F5487A52280B3EB008F6823 /* API.swift */; };
		1F5487A82280BC08008F6823 /* Image.swift in Sources */ = {isa = PBXBuildFile; fileRef = 1F5487A72280BC08008F6823 /* Image.swift */; };
		1F5487AA22815285008F6823 /* DateFormatter+Utility.swift in Sources */ = {isa = PBXBuildFile; fileRef = 1F5487A922815285008F6823 /* DateFormatter+Utility.swift */; };
		1F5487AC228154BA008F6823 /* JSONDecoder+Utility.swift in Sources */ = {isa = PBXBuildFile; fileRef = 1F5487AB228154BA008F6823 /* JSONDecoder+Utility.swift */; };
		1F5487B22281BDCE008F6823 /* HomeArticleSection.swift in Sources */ = {isa = PBXBuildFile; fileRef = 1F5487B12281BDCE008F6823 /* HomeArticleSection.swift */; };
		1F5487B42281BE71008F6823 /* ArticleTitleItem.swift in Sources */ = {isa = PBXBuildFile; fileRef = 1F5487B32281BE71008F6823 /* ArticleTitleItem.swift */; };
		1F5487B62281BE82008F6823 /* ArticleSnippetItem.swift in Sources */ = {isa = PBXBuildFile; fileRef = 1F5487B52281BE82008F6823 /* ArticleSnippetItem.swift */; };
		1F5487B82281BEA3008F6823 /* ArticlePublishedDateItem.swift in Sources */ = {isa = PBXBuildFile; fileRef = 1F5487B72281BEA3008F6823 /* ArticlePublishedDateItem.swift */; };
		1F5487BA2281C079008F6823 /* ArticleBannerItem.swift in Sources */ = {isa = PBXBuildFile; fileRef = 1F5487B92281C079008F6823 /* ArticleBannerItem.swift */; };
		1F5487BE2281C1FD008F6823 /* ArticleTitleCell.swift in Sources */ = {isa = PBXBuildFile; fileRef = 1F5487BC2281C1FD008F6823 /* ArticleTitleCell.swift */; };
		1F5487BF2281C1FD008F6823 /* ArticleTitleCell.xib in Resources */ = {isa = PBXBuildFile; fileRef = 1F5487BD2281C1FD008F6823 /* ArticleTitleCell.xib */; };
		1F5487C22281C882008F6823 /* HomeViewController.swift in Sources */ = {isa = PBXBuildFile; fileRef = 1F5487C12281C882008F6823 /* HomeViewController.swift */; };
		1F5487C622829495008F6823 /* FullWidthCollectionViewCell.swift in Sources */ = {isa = PBXBuildFile; fileRef = 1F5487C522829495008F6823 /* FullWidthCollectionViewCell.swift */; };
		1F5487C82282A198008F6823 /* ACVFlowLayout.swift in Sources */ = {isa = PBXBuildFile; fileRef = 1F5487C72282A198008F6823 /* ACVFlowLayout.swift */; };
		1F5487CC2282A4DD008F6823 /* ArticleSnippetCell.swift in Sources */ = {isa = PBXBuildFile; fileRef = 1F5487CA2282A4DD008F6823 /* ArticleSnippetCell.swift */; };
		1F5487CD2282A4DD008F6823 /* ArticleSnippetCell.xib in Resources */ = {isa = PBXBuildFile; fileRef = 1F5487CB2282A4DD008F6823 /* ArticleSnippetCell.xib */; };
		1F5487D32282A733008F6823 /* ArticlePublishedDateCell.swift in Sources */ = {isa = PBXBuildFile; fileRef = 1F5487D12282A733008F6823 /* ArticlePublishedDateCell.swift */; };
		1F5487D42282A733008F6823 /* ArticlePublishedDateCell.xib in Resources */ = {isa = PBXBuildFile; fileRef = 1F5487D22282A733008F6823 /* ArticlePublishedDateCell.xib */; };
		1F5487D62282A855008F6823 /* Date+Utility.swift in Sources */ = {isa = PBXBuildFile; fileRef = 1F5487D52282A855008F6823 /* Date+Utility.swift */; };
		1F5487D92282A915008F6823 /* ArticleBannerCell.swift in Sources */ = {isa = PBXBuildFile; fileRef = 1F5487D72282A915008F6823 /* ArticleBannerCell.swift */; };
		1F5487DA2282A915008F6823 /* ArticleBannerCell.xib in Resources */ = {isa = PBXBuildFile; fileRef = 1F5487D82282A915008F6823 /* ArticleBannerCell.xib */; };
		1F5487E42282D1DD008F6823 /* UIVIew+Utility.swift in Sources */ = {isa = PBXBuildFile; fileRef = 1F5487E32282D1DD008F6823 /* UIVIew+Utility.swift */; };
		1F5487E62282DB2A008F6823 /* SepartorItem.swift in Sources */ = {isa = PBXBuildFile; fileRef = 1F5487E52282DB2A008F6823 /* SepartorItem.swift */; };
		1F5487EA2282DB6D008F6823 /* SepartorView.swift in Sources */ = {isa = PBXBuildFile; fileRef = 1F5487E82282DB6D008F6823 /* SepartorView.swift */; };
		1F5487ED2282EA6F008F6823 /* UIScrollView+Utility.swift in Sources */ = {isa = PBXBuildFile; fileRef = 1F5487EC2282EA6F008F6823 /* UIScrollView+Utility.swift */; };
		1F5487EF2282F472008F6823 /* UIColor+Utility.swift in Sources */ = {isa = PBXBuildFile; fileRef = 1F5487EE2282F472008F6823 /* UIColor+Utility.swift */; };
		1F5487F12282FBDC008F6823 /* UIFont+Utility.swift in Sources */ = {isa = PBXBuildFile; fileRef = 1F5487F02282FBDC008F6823 /* UIFont+Utility.swift */; };
		1F5487F322834C95008F6823 /* SearchArticleRepository.swift in Sources */ = {isa = PBXBuildFile; fileRef = 1F5487F222834C95008F6823 /* SearchArticleRepository.swift */; };
		1F5487F522834CA2008F6823 /* SearchArticleLocalDataSource.swift in Sources */ = {isa = PBXBuildFile; fileRef = 1F5487F422834CA2008F6823 /* SearchArticleLocalDataSource.swift */; };
		1F5487F722834CB7008F6823 /* SearchArticleRemoteDataSource.swift in Sources */ = {isa = PBXBuildFile; fileRef = 1F5487F622834CB7008F6823 /* SearchArticleRemoteDataSource.swift */; };
		1F5487F922834EC8008F6823 /* SearchArticle.swift in Sources */ = {isa = PBXBuildFile; fileRef = 1F5487F822834EC8008F6823 /* SearchArticle.swift */; };
		1F5487FB22835930008F6823 /* DatabaseStore.swift in Sources */ = {isa = PBXBuildFile; fileRef = 1F5487FA22835930008F6823 /* DatabaseStore.swift */; };
		1F5487FD22835D8D008F6823 /* AdditionalInfoItem.swift in Sources */ = {isa = PBXBuildFile; fileRef = 1F5487FC22835D8D008F6823 /* AdditionalInfoItem.swift */; };
		1F54880122835DC6008F6823 /* AdditionalInfoCell.swift in Sources */ = {isa = PBXBuildFile; fileRef = 1F5487FF22835DC6008F6823 /* AdditionalInfoCell.swift */; };
		1F54880222835DC6008F6823 /* AdditionalInfoCell.xib in Resources */ = {isa = PBXBuildFile; fileRef = 1F54880022835DC6008F6823 /* AdditionalInfoCell.xib */; };
		1F95E215227CAD9900EA7B02 /* AdvancedImageView.swift in Sources */ = {isa = PBXBuildFile; fileRef = 1F95E214227CAD9900EA7B02 /* AdvancedImageView.swift */; };
		1F95E21D227CB1A700EA7B02 /* Mics.swift in Sources */ = {isa = PBXBuildFile; fileRef = 1F95E21C227CB1A700EA7B02 /* Mics.swift */; };
		1F95E22C227CB50D00EA7B02 /* String+Utility.swift in Sources */ = {isa = PBXBuildFile; fileRef = 1F95E22B227CB50D00EA7B02 /* String+Utility.swift */; };
		1F95E22F227CB69E00EA7B02 /* UIImage+Utility.swift in Sources */ = {isa = PBXBuildFile; fileRef = 1F95E22E227CB69E00EA7B02 /* UIImage+Utility.swift */; };
		1F97D3A022806B390059808A /* AppDelegate.swift in Sources */ = {isa = PBXBuildFile; fileRef = 1F97D39F22806B390059808A /* AppDelegate.swift */; };
		1F97D3AA22806B3B0059808A /* Images.xcassets in Resources */ = {isa = PBXBuildFile; fileRef = 1F97D3A922806B3B0059808A /* Images.xcassets */; };
		1F97D3AD22806B3B0059808A /* LaunchScreen.storyboard in Resources */ = {isa = PBXBuildFile; fileRef = 1F97D3AB22806B3B0059808A /* LaunchScreen.storyboard */; };
/* End PBXBuildFile section */

/* Begin PBXContainerItemProxy section */
		1F4525AC2285B15D00CFFA7F /* PBXContainerItemProxy */ = {
			isa = PBXContainerItemProxy;
			containerPortal = 1F97D39422806B390059808A /* Project object */;
			proxyType = 1;
			remoteGlobalIDString = 1F97D39B22806B390059808A;
			remoteInfo = NewYourTimes;
		};
/* End PBXContainerItemProxy section */

/* Begin PBXFileReference section */
		1F38BABC2283F024008A07CE /* SearchViewController.swift */ = {isa = PBXFileReference; lastKnownFileType = sourcecode.swift; path = SearchViewController.swift; sourceTree = "<group>"; };
		1F38BAC02283F1B6008A07CE /* ACVViewController.swift */ = {isa = PBXFileReference; lastKnownFileType = sourcecode.swift; path = ACVViewController.swift; sourceTree = "<group>"; };
		1F38BAC222840F2E008A07CE /* SearchProtocol.swift */ = {isa = PBXFileReference; lastKnownFileType = sourcecode.swift; path = SearchProtocol.swift; sourceTree = "<group>"; };
		1F38BAC522841DF0008A07CE /* SearchRouter.swift */ = {isa = PBXFileReference; lastKnownFileType = sourcecode.swift; path = SearchRouter.swift; sourceTree = "<group>"; };
		1F38BAC722841FD7008A07CE /* SearchPresenter.swift */ = {isa = PBXFileReference; lastKnownFileType = sourcecode.swift; path = SearchPresenter.swift; sourceTree = "<group>"; };
		1F38BAC922841FF0008A07CE /* SearchInteractor.swift */ = {isa = PBXFileReference; lastKnownFileType = sourcecode.swift; path = SearchInteractor.swift; sourceTree = "<group>"; };
		1F38BACB22843BB8008A07CE /* SearchArticleSection.swift */ = {isa = PBXFileReference; lastKnownFileType = sourcecode.swift; path = SearchArticleSection.swift; sourceTree = "<group>"; };
		1F38BAD022844140008A07CE /* SearchKeywordSection.swift */ = {isa = PBXFileReference; lastKnownFileType = sourcecode.swift; path = SearchKeywordSection.swift; sourceTree = "<group>"; };
		1F38BAD222846B3A008A07CE /* ArticleProtocol.swift */ = {isa = PBXFileReference; lastKnownFileType = sourcecode.swift; name = ArticleProtocol.swift; path = "NewYourTimes/Source/UI/Screens/Search /Modules/Section Models/ArticleProtocol.swift"; sourceTree = SOURCE_ROOT; };
		1F38BAD722846B6B008A07CE /* ArticleViewController.swift */ = {isa = PBXFileReference; lastKnownFileType = sourcecode.swift; path = ArticleViewController.swift; sourceTree = "<group>"; };
		1F38BAD922846B7B008A07CE /* ArticlePresenter.swift */ = {isa = PBXFileReference; lastKnownFileType = sourcecode.swift; path = ArticlePresenter.swift; sourceTree = "<group>"; };
		1F38BADB22846B86008A07CE /* ArticleInteractor.swift */ = {isa = PBXFileReference; lastKnownFileType = sourcecode.swift; path = ArticleInteractor.swift; sourceTree = "<group>"; };
		1F38BADD22846B9A008A07CE /* ArticleRouter.swift */ = {isa = PBXFileReference; lastKnownFileType = sourcecode.swift; path = ArticleRouter.swift; sourceTree = "<group>"; };
		1F38BAE022846C8E008A07CE /* ArticleCaptionItem.swift */ = {isa = PBXFileReference; lastKnownFileType = sourcecode.swift; path = ArticleCaptionItem.swift; sourceTree = "<group>"; };
		1F38BAE222846CA9008A07CE /* ArticleCaptionCell.swift */ = {isa = PBXFileReference; lastKnownFileType = sourcecode.swift; path = ArticleCaptionCell.swift; sourceTree = "<group>"; };
		1F38BAE322846CA9008A07CE /* ArticleCaptionCell.xib */ = {isa = PBXFileReference; lastKnownFileType = file.xib; path = ArticleCaptionCell.xib; sourceTree = "<group>"; };
		1F38BAE622846DF4008A07CE /* ArticleDetailView.swift */ = {isa = PBXFileReference; lastKnownFileType = sourcecode.swift; path = ArticleDetailView.swift; sourceTree = "<group>"; };
		1F38BAE822849465008A07CE /* ArticleDetailSection.swift */ = {isa = PBXFileReference; lastKnownFileType = sourcecode.swift; path = ArticleDetailSection.swift; sourceTree = "<group>"; };
		1F3FACF522804F3F002A0705 /* AriticleRepository.swift */ = {isa = PBXFileReference; lastKnownFileType = sourcecode.swift; path = AriticleRepository.swift; sourceTree = "<group>"; };
		1F3FACFC2280502D002A0705 /* ArticleLocalDataSource.swift */ = {isa = PBXFileReference; lastKnownFileType = sourcecode.swift; path = ArticleLocalDataSource.swift; sourceTree = "<group>"; };
		1F3FACFE2280503C002A0705 /* ArticleRemoteDataSource.swift */ = {isa = PBXFileReference; lastKnownFileType = sourcecode.swift; path = ArticleRemoteDataSource.swift; sourceTree = "<group>"; };
		1F3FAD2B22817B38002A0705 /* HomeProtocol.swift */ = {isa = PBXFileReference; lastKnownFileType = sourcecode.swift; path = HomeProtocol.swift; sourceTree = "<group>"; };
		1F3FAD2F22817B70002A0705 /* HomePresenter.swift */ = {isa = PBXFileReference; lastKnownFileType = sourcecode.swift; path = HomePresenter.swift; sourceTree = "<group>"; };
		1F3FAD3122817B79002A0705 /* HomeInteractor.swift */ = {isa = PBXFileReference; lastKnownFileType = sourcecode.swift; path = HomeInteractor.swift; sourceTree = "<group>"; };
		1F3FAD3322817B82002A0705 /* HomeRouter.swift */ = {isa = PBXFileReference; lastKnownFileType = sourcecode.swift; path = HomeRouter.swift; sourceTree = "<group>"; };
		1F3FAD3522817D25002A0705 /* ImageRepository.swift */ = {isa = PBXFileReference; lastKnownFileType = sourcecode.swift; path = ImageRepository.swift; sourceTree = "<group>"; };
		1F3FAD3722817D34002A0705 /* ImageLocalDataSource.swift */ = {isa = PBXFileReference; lastKnownFileType = sourcecode.swift; path = ImageLocalDataSource.swift; sourceTree = "<group>"; };
		1F3FAD3922817D44002A0705 /* ImageRemoteDataSource.swift */ = {isa = PBXFileReference; lastKnownFileType = sourcecode.swift; path = ImageRemoteDataSource.swift; sourceTree = "<group>"; };
		1F3FAD4B22818389002A0705 /* Localizable.strings */ = {isa = PBXFileReference; lastKnownFileType = text.plist.strings; path = Localizable.strings; sourceTree = "<group>"; };
		1F3FAD53228184F0002A0705 /* Article.swift */ = {isa = PBXFileReference; lastKnownFileType = sourcecode.swift; path = Article.swift; sourceTree = "<group>"; };
		1F3FAD5F22818A9B002A0705 /* README.md */ = {isa = PBXFileReference; fileEncoding = 4; lastKnownFileType = net.daringfireball.markdown; name = README.md; path = ../README.md; sourceTree = "<group>"; };
		1F3FAD642281FC1B002A0705 /* ACVProtocol.swift */ = {isa = PBXFileReference; lastKnownFileType = sourcecode.swift; path = ACVProtocol.swift; sourceTree = "<group>"; };
		1F3FAD662281FE42002A0705 /* ACVAdapter.swift */ = {isa = PBXFileReference; lastKnownFileType = sourcecode.swift; path = ACVAdapter.swift; sourceTree = "<group>"; };
		1F3FAD6C2283419E002A0705 /* ServiceProvider.swift */ = {isa = PBXFileReference; lastKnownFileType = sourcecode.swift; path = ServiceProvider.swift; sourceTree = "<group>"; };
		1F4525A72285B15D00CFFA7F /* NewYourTimesTests.xctest */ = {isa = PBXFileReference; explicitFileType = wrapper.cfbundle; includeInIndex = 0; path = NewYourTimesTests.xctest; sourceTree = BUILT_PRODUCTS_DIR; };
		1F4525AB2285B15D00CFFA7F /* Info.plist */ = {isa = PBXFileReference; lastKnownFileType = text.plist.xml; path = Info.plist; sourceTree = "<group>"; };
		1F4525B22285DEAB00CFFA7F /* APITest.swift */ = {isa = PBXFileReference; lastKnownFileType = sourcecode.swift; path = APITest.swift; sourceTree = "<group>"; };
		1F4525B42285E47600CFFA7F /* TestServiceProvider.swift */ = {isa = PBXFileReference; lastKnownFileType = sourcecode.swift; path = TestServiceProvider.swift; sourceTree = "<group>"; };
		1F4525B62285EB2B00CFFA7F /* TestDatabaseStore.swift */ = {isa = PBXFileReference; lastKnownFileType = sourcecode.swift; path = TestDatabaseStore.swift; sourceTree = "<group>"; };
		1F4525BA2285EFF500CFFA7F /* MockImageLocalDataSource.swift */ = {isa = PBXFileReference; lastKnownFileType = sourcecode.swift; path = MockImageLocalDataSource.swift; sourceTree = "<group>"; };
		1F4525BC2285F08A00CFFA7F /* MockServiceProvider.swift */ = {isa = PBXFileReference; lastKnownFileType = sourcecode.swift; path = MockServiceProvider.swift; sourceTree = "<group>"; };
		1F4525BF2285F31600CFFA7F /* Default.swift */ = {isa = PBXFileReference; lastKnownFileType = sourcecode.swift; path = Default.swift; sourceTree = "<group>"; };
		1F4525C12285F43D00CFFA7F /* MockImageRemoteDataSource.swift */ = {isa = PBXFileReference; lastKnownFileType = sourcecode.swift; path = MockImageRemoteDataSource.swift; sourceTree = "<group>"; };
		1F4525C52285F58C00CFFA7F /* TestImageRepository.swift */ = {isa = PBXFileReference; lastKnownFileType = sourcecode.swift; path = TestImageRepository.swift; sourceTree = "<group>"; };
		1F4525C72285F59700CFFA7F /* TestImageRemoteDataSource.swift */ = {isa = PBXFileReference; lastKnownFileType = sourcecode.swift; path = TestImageRemoteDataSource.swift; sourceTree = "<group>"; };
		1F4525C92285F5A200CFFA7F /* TestImageLocalDataSource.swift */ = {isa = PBXFileReference; lastKnownFileType = sourcecode.swift; path = TestImageLocalDataSource.swift; sourceTree = "<group>"; };
		1F4525CD2285F88900CFFA7F /* image.jpg */ = {isa = PBXFileReference; lastKnownFileType = image.jpeg; path = image.jpg; sourceTree = "<group>"; };
		1F5487A52280B3EB008F6823 /* API.swift */ = {isa = PBXFileReference; lastKnownFileType = sourcecode.swift; path = API.swift; sourceTree = "<group>"; };
		1F5487A72280BC08008F6823 /* Image.swift */ = {isa = PBXFileReference; lastKnownFileType = sourcecode.swift; path = Image.swift; sourceTree = "<group>"; };
		1F5487A922815285008F6823 /* DateFormatter+Utility.swift */ = {isa = PBXFileReference; lastKnownFileType = sourcecode.swift; path = "DateFormatter+Utility.swift"; sourceTree = "<group>"; };
		1F5487AB228154BA008F6823 /* JSONDecoder+Utility.swift */ = {isa = PBXFileReference; lastKnownFileType = sourcecode.swift; path = "JSONDecoder+Utility.swift"; sourceTree = "<group>"; };
		1F5487B12281BDCE008F6823 /* HomeArticleSection.swift */ = {isa = PBXFileReference; lastKnownFileType = sourcecode.swift; path = HomeArticleSection.swift; sourceTree = "<group>"; };
		1F5487B32281BE71008F6823 /* ArticleTitleItem.swift */ = {isa = PBXFileReference; lastKnownFileType = sourcecode.swift; path = ArticleTitleItem.swift; sourceTree = "<group>"; };
		1F5487B52281BE82008F6823 /* ArticleSnippetItem.swift */ = {isa = PBXFileReference; lastKnownFileType = sourcecode.swift; path = ArticleSnippetItem.swift; sourceTree = "<group>"; };
		1F5487B72281BEA3008F6823 /* ArticlePublishedDateItem.swift */ = {isa = PBXFileReference; lastKnownFileType = sourcecode.swift; path = ArticlePublishedDateItem.swift; sourceTree = "<group>"; };
		1F5487B92281C079008F6823 /* ArticleBannerItem.swift */ = {isa = PBXFileReference; lastKnownFileType = sourcecode.swift; path = ArticleBannerItem.swift; sourceTree = "<group>"; };
		1F5487BC2281C1FD008F6823 /* ArticleTitleCell.swift */ = {isa = PBXFileReference; lastKnownFileType = sourcecode.swift; path = ArticleTitleCell.swift; sourceTree = "<group>"; };
		1F5487BD2281C1FD008F6823 /* ArticleTitleCell.xib */ = {isa = PBXFileReference; lastKnownFileType = file.xib; path = ArticleTitleCell.xib; sourceTree = "<group>"; };
		1F5487C12281C882008F6823 /* HomeViewController.swift */ = {isa = PBXFileReference; lastKnownFileType = sourcecode.swift; path = HomeViewController.swift; sourceTree = "<group>"; };
		1F5487C522829495008F6823 /* FullWidthCollectionViewCell.swift */ = {isa = PBXFileReference; lastKnownFileType = sourcecode.swift; path = FullWidthCollectionViewCell.swift; sourceTree = "<group>"; };
		1F5487C72282A198008F6823 /* ACVFlowLayout.swift */ = {isa = PBXFileReference; lastKnownFileType = sourcecode.swift; path = ACVFlowLayout.swift; sourceTree = "<group>"; };
		1F5487CA2282A4DD008F6823 /* ArticleSnippetCell.swift */ = {isa = PBXFileReference; lastKnownFileType = sourcecode.swift; path = ArticleSnippetCell.swift; sourceTree = "<group>"; };
		1F5487CB2282A4DD008F6823 /* ArticleSnippetCell.xib */ = {isa = PBXFileReference; lastKnownFileType = file.xib; path = ArticleSnippetCell.xib; sourceTree = "<group>"; };
		1F5487D12282A733008F6823 /* ArticlePublishedDateCell.swift */ = {isa = PBXFileReference; lastKnownFileType = sourcecode.swift; path = ArticlePublishedDateCell.swift; sourceTree = "<group>"; };
		1F5487D22282A733008F6823 /* ArticlePublishedDateCell.xib */ = {isa = PBXFileReference; lastKnownFileType = file.xib; path = ArticlePublishedDateCell.xib; sourceTree = "<group>"; };
		1F5487D52282A855008F6823 /* Date+Utility.swift */ = {isa = PBXFileReference; lastKnownFileType = sourcecode.swift; path = "Date+Utility.swift"; sourceTree = "<group>"; };
		1F5487D72282A915008F6823 /* ArticleBannerCell.swift */ = {isa = PBXFileReference; lastKnownFileType = sourcecode.swift; path = ArticleBannerCell.swift; sourceTree = "<group>"; };
		1F5487D82282A915008F6823 /* ArticleBannerCell.xib */ = {isa = PBXFileReference; lastKnownFileType = file.xib; path = ArticleBannerCell.xib; sourceTree = "<group>"; };
		1F5487E32282D1DD008F6823 /* UIVIew+Utility.swift */ = {isa = PBXFileReference; lastKnownFileType = sourcecode.swift; path = "UIVIew+Utility.swift"; sourceTree = "<group>"; };
		1F5487E52282DB2A008F6823 /* SepartorItem.swift */ = {isa = PBXFileReference; lastKnownFileType = sourcecode.swift; path = SepartorItem.swift; sourceTree = "<group>"; };
		1F5487E82282DB6D008F6823 /* SepartorView.swift */ = {isa = PBXFileReference; lastKnownFileType = sourcecode.swift; path = SepartorView.swift; sourceTree = "<group>"; };
		1F5487EC2282EA6F008F6823 /* UIScrollView+Utility.swift */ = {isa = PBXFileReference; lastKnownFileType = sourcecode.swift; path = "UIScrollView+Utility.swift"; sourceTree = "<group>"; };
		1F5487EE2282F472008F6823 /* UIColor+Utility.swift */ = {isa = PBXFileReference; lastKnownFileType = sourcecode.swift; path = "UIColor+Utility.swift"; sourceTree = "<group>"; };
		1F5487F02282FBDC008F6823 /* UIFont+Utility.swift */ = {isa = PBXFileReference; lastKnownFileType = sourcecode.swift; path = "UIFont+Utility.swift"; sourceTree = "<group>"; };
		1F5487F222834C95008F6823 /* SearchArticleRepository.swift */ = {isa = PBXFileReference; lastKnownFileType = sourcecode.swift; path = SearchArticleRepository.swift; sourceTree = "<group>"; };
		1F5487F422834CA2008F6823 /* SearchArticleLocalDataSource.swift */ = {isa = PBXFileReference; lastKnownFileType = sourcecode.swift; path = SearchArticleLocalDataSource.swift; sourceTree = "<group>"; };
		1F5487F622834CB7008F6823 /* SearchArticleRemoteDataSource.swift */ = {isa = PBXFileReference; lastKnownFileType = sourcecode.swift; path = SearchArticleRemoteDataSource.swift; sourceTree = "<group>"; };
		1F5487F822834EC8008F6823 /* SearchArticle.swift */ = {isa = PBXFileReference; lastKnownFileType = sourcecode.swift; path = SearchArticle.swift; sourceTree = "<group>"; };
		1F5487FA22835930008F6823 /* DatabaseStore.swift */ = {isa = PBXFileReference; lastKnownFileType = sourcecode.swift; path = DatabaseStore.swift; sourceTree = "<group>"; };
		1F5487FC22835D8D008F6823 /* AdditionalInfoItem.swift */ = {isa = PBXFileReference; lastKnownFileType = sourcecode.swift; path = AdditionalInfoItem.swift; sourceTree = "<group>"; };
		1F5487FF22835DC6008F6823 /* AdditionalInfoCell.swift */ = {isa = PBXFileReference; lastKnownFileType = sourcecode.swift; path = AdditionalInfoCell.swift; sourceTree = "<group>"; };
		1F54880022835DC6008F6823 /* AdditionalInfoCell.xib */ = {isa = PBXFileReference; lastKnownFileType = file.xib; path = AdditionalInfoCell.xib; sourceTree = "<group>"; };
		1F95E214227CAD9900EA7B02 /* AdvancedImageView.swift */ = {isa = PBXFileReference; lastKnownFileType = sourcecode.swift; path = AdvancedImageView.swift; sourceTree = "<group>"; };
		1F95E21C227CB1A700EA7B02 /* Mics.swift */ = {isa = PBXFileReference; lastKnownFileType = sourcecode.swift; path = Mics.swift; sourceTree = "<group>"; };
		1F95E22B227CB50D00EA7B02 /* String+Utility.swift */ = {isa = PBXFileReference; lastKnownFileType = sourcecode.swift; path = "String+Utility.swift"; sourceTree = "<group>"; };
		1F95E22E227CB69E00EA7B02 /* UIImage+Utility.swift */ = {isa = PBXFileReference; lastKnownFileType = sourcecode.swift; path = "UIImage+Utility.swift"; sourceTree = "<group>"; };
		1F97D39C22806B390059808A /* NewYourTimes.app */ = {isa = PBXFileReference; explicitFileType = wrapper.application; includeInIndex = 0; path = NewYourTimes.app; sourceTree = BUILT_PRODUCTS_DIR; };
		1F97D39F22806B390059808A /* AppDelegate.swift */ = {isa = PBXFileReference; lastKnownFileType = sourcecode.swift; path = AppDelegate.swift; sourceTree = "<group>"; };
		1F97D3A922806B3B0059808A /* Images.xcassets */ = {isa = PBXFileReference; lastKnownFileType = folder.assetcatalog; path = Images.xcassets; sourceTree = "<group>"; };
		1F97D3AC22806B3B0059808A /* Base */ = {isa = PBXFileReference; lastKnownFileType = file.storyboard; name = Base; path = Base.lproj/LaunchScreen.storyboard; sourceTree = "<group>"; };
		1F97D3AE22806B3B0059808A /* Info.plist */ = {isa = PBXFileReference; lastKnownFileType = text.plist.xml; path = Info.plist; sourceTree = "<group>"; };
/* End PBXFileReference section */

/* Begin PBXFrameworksBuildPhase section */
		1F4525A42285B15D00CFFA7F /* Frameworks */ = {
			isa = PBXFrameworksBuildPhase;
			buildActionMask = 2147483647;
			files = (
			);
			runOnlyForDeploymentPostprocessing = 0;
		};
		1F97D39922806B390059808A /* Frameworks */ = {
			isa = PBXFrameworksBuildPhase;
			buildActionMask = 2147483647;
			files = (
			);
			runOnlyForDeploymentPostprocessing = 0;
		};
/* End PBXFrameworksBuildPhase section */

/* Begin PBXGroup section */
		1F38BAC422840F3A008A07CE /* Modules */ = {
			isa = PBXGroup;
			children = (
				1F38BACD22843BBE008A07CE /* Section Models */,
				1F38BABC2283F024008A07CE /* SearchViewController.swift */,
				1F38BAC722841FD7008A07CE /* SearchPresenter.swift */,
				1F38BAC922841FF0008A07CE /* SearchInteractor.swift */,
				1F38BAC522841DF0008A07CE /* SearchRouter.swift */,
			);
			path = Modules;
			sourceTree = "<group>";
		};
		1F38BACD22843BBE008A07CE /* Section Models */ = {
			isa = PBXGroup;
			children = (
				1F38BACB22843BB8008A07CE /* SearchArticleSection.swift */,
				1F38BAD022844140008A07CE /* SearchKeywordSection.swift */,
			);
			path = "Section Models";
			sourceTree = "<group>";
		};
		1F38BAD422846B46008A07CE /* Modules */ = {
			isa = PBXGroup;
			children = (
				1F38BAD622846B57008A07CE /* Section Models */,
				1F38BAE622846DF4008A07CE /* ArticleDetailView.swift */,
				1F38BAD722846B6B008A07CE /* ArticleViewController.swift */,
				1F38BAD922846B7B008A07CE /* ArticlePresenter.swift */,
				1F38BADB22846B86008A07CE /* ArticleInteractor.swift */,
				1F38BADD22846B9A008A07CE /* ArticleRouter.swift */,
			);
			name = Modules;
			path = "NewYourTimes/Source/UI/Screens/Article /Modules";
			sourceTree = "<group>";
		};
		1F38BAD622846B57008A07CE /* Section Models */ = {
			isa = PBXGroup;
			children = (
				1F38BAE822849465008A07CE /* ArticleDetailSection.swift */,
			);
			path = "Section Models";
			sourceTree = "<group>";
		};
		1F38BADF22846C7E008A07CE /* Caption  */ = {
			isa = PBXGroup;
			children = (
				1F38BAE022846C8E008A07CE /* ArticleCaptionItem.swift */,
				1F38BAE222846CA9008A07CE /* ArticleCaptionCell.swift */,
				1F38BAE322846CA9008A07CE /* ArticleCaptionCell.xib */,
			);
			path = "Caption ";
			sourceTree = "<group>";
		};
		1F3FACF222804BC9002A0705 /* Search  */ = {
			isa = PBXGroup;
			children = (
				1F38BAC222840F2E008A07CE /* SearchProtocol.swift */,
				1F38BAC422840F3A008A07CE /* Modules */,
			);
			path = "Search ";
			sourceTree = "<group>";
		};
		1F3FACF722804F59002A0705 /* Article Repository */ = {
			isa = PBXGroup;
			children = (
				1F3FACF522804F3F002A0705 /* AriticleRepository.swift */,
				1F3FACFC2280502D002A0705 /* ArticleLocalDataSource.swift */,
				1F3FACFE2280503C002A0705 /* ArticleRemoteDataSource.swift */,
			);
			path = "Article Repository";
			sourceTree = "<group>";
		};
		1F3FAD2922817ADC002A0705 /* Image Repository */ = {
			isa = PBXGroup;
			children = (
				1F3FAD3522817D25002A0705 /* ImageRepository.swift */,
				1F3FAD3722817D34002A0705 /* ImageLocalDataSource.swift */,
				1F3FAD3922817D44002A0705 /* ImageRemoteDataSource.swift */,
			);
			path = "Image Repository";
			sourceTree = "<group>";
		};
		1F3FAD4322818169002A0705 /* Custom */ = {
			isa = PBXGroup;
			children = (
				1F3FAD632281FC05002A0705 /* ACVKit */,
				1F95E214227CAD9900EA7B02 /* AdvancedImageView.swift */,
				1F5487C522829495008F6823 /* FullWidthCollectionViewCell.swift */,
			);
			path = Custom;
			sourceTree = "<group>";
		};
		1F3FAD44228181B8002A0705 /* Screens */ = {
			isa = PBXGroup;
			children = (
				1F97D3D92280715A0059808A /* Home */,
				1F3FACF222804BC9002A0705 /* Search  */,
				1F97D3DA228071660059808A /* Article  */,
			);
			path = Screens;
			sourceTree = "<group>";
		};
		1F3FAD51228184DB002A0705 /* Models */ = {
			isa = PBXGroup;
			children = (
				1F3FAD53228184F0002A0705 /* Article.swift */,
				1F5487F822834EC8008F6823 /* SearchArticle.swift */,
				1F5487A72280BC08008F6823 /* Image.swift */,
			);
			path = Models;
			sourceTree = "<group>";
		};
		1F3FAD632281FC05002A0705 /* ACVKit */ = {
			isa = PBXGroup;
			children = (
				1F3FAD642281FC1B002A0705 /* ACVProtocol.swift */,
				1F5487C72282A198008F6823 /* ACVFlowLayout.swift */,
				1F3FAD662281FE42002A0705 /* ACVAdapter.swift */,
				1F38BAC02283F1B6008A07CE /* ACVViewController.swift */,
			);
			path = ACVKit;
			sourceTree = "<group>";
		};
		1F3FAD6E2283419E002A0705 /* SearchArticle Repository */ = {
			isa = PBXGroup;
			children = (
				1F5487F222834C95008F6823 /* SearchArticleRepository.swift */,
				1F5487F422834CA2008F6823 /* SearchArticleLocalDataSource.swift */,
				1F5487F622834CB7008F6823 /* SearchArticleRemoteDataSource.swift */,
			);
			name = "SearchArticle Repository";
			sourceTree = "<group>";
		};
		1F4525A82285B15D00CFFA7F /* NewYourTimesTests */ = {
			isa = PBXGroup;
			children = (
				1F4525CD2285F88900CFFA7F /* image.jpg */,
				1F4525BF2285F31600CFFA7F /* Default.swift */,
				1F4525BE2285F09400CFFA7F /* Mock */,
				1F4525B12285DE9300CFFA7F /* Components */,
				1F4525AB2285B15D00CFFA7F /* Info.plist */,
			);
			path = NewYourTimesTests;
			sourceTree = "<group>";
		};
		1F4525B12285DE9300CFFA7F /* Components */ = {
			isa = PBXGroup;
			children = (
				1F4525B22285DEAB00CFFA7F /* APITest.swift */,
				1F4525B42285E47600CFFA7F /* TestServiceProvider.swift */,
				1F4525B62285EB2B00CFFA7F /* TestDatabaseStore.swift */,
				1F4525B82285EFBC00CFFA7F /* Repositories */,
			);
			path = Components;
			sourceTree = "<group>";
		};
		1F4525B82285EFBC00CFFA7F /* Repositories */ = {
			isa = PBXGroup;
			children = (
				1F4525B92285EFCC00CFFA7F /* Image Repository */,
			);
			path = Repositories;
			sourceTree = "<group>";
		};
		1F4525B92285EFCC00CFFA7F /* Image Repository */ = {
			isa = PBXGroup;
			children = (
				1F4525C52285F58C00CFFA7F /* TestImageRepository.swift */,
				1F4525C72285F59700CFFA7F /* TestImageRemoteDataSource.swift */,
				1F4525C92285F5A200CFFA7F /* TestImageLocalDataSource.swift */,
			);
			path = "Image Repository";
			sourceTree = "<group>";
		};
		1F4525BE2285F09400CFFA7F /* Mock */ = {
			isa = PBXGroup;
			children = (
				1F4525BC2285F08A00CFFA7F /* MockServiceProvider.swift */,
				1F4525BA2285EFF500CFFA7F /* MockImageLocalDataSource.swift */,
				1F4525C12285F43D00CFFA7F /* MockImageRemoteDataSource.swift */,
			);
			path = Mock;
			sourceTree = "<group>";
		};
		1F5487AF2281BD8D008F6823 /* Modules */ = {
			isa = PBXGroup;
			children = (
				1F5487B02281BD96008F6823 /* Section Models */,
				1F5487C12281C882008F6823 /* HomeViewController.swift */,
				1F3FAD2F22817B70002A0705 /* HomePresenter.swift */,
				1F3FAD3122817B79002A0705 /* HomeInteractor.swift */,
				1F3FAD3322817B82002A0705 /* HomeRouter.swift */,
			);
			path = Modules;
			sourceTree = "<group>";
		};
		1F5487B02281BD96008F6823 /* Section Models */ = {
			isa = PBXGroup;
			children = (
				1F5487B12281BDCE008F6823 /* HomeArticleSection.swift */,
			);
			path = "Section Models";
			sourceTree = "<group>";
		};
		1F5487BB2281C1D6008F6823 /* Title */ = {
			isa = PBXGroup;
			children = (
				1F5487B32281BE71008F6823 /* ArticleTitleItem.swift */,
				1F5487BC2281C1FD008F6823 /* ArticleTitleCell.swift */,
				1F5487BD2281C1FD008F6823 /* ArticleTitleCell.xib */,
			);
			path = Title;
			sourceTree = "<group>";
		};
		1F5487C02281C63A008F6823 /* Shared */ = {
			isa = PBXGroup;
			children = (
				1F5487FE22835D95008F6823 /* Additional Info */,
				1F5487E72282DB5C008F6823 /* Separator */,
				1F5487CE2282A60F008F6823 /* Article Items */,
			);
			path = Shared;
			sourceTree = "<group>";
		};
		1F5487C92282A4BC008F6823 /* Snippet */ = {
			isa = PBXGroup;
			children = (
				1F5487B52281BE82008F6823 /* ArticleSnippetItem.swift */,
				1F5487CA2282A4DD008F6823 /* ArticleSnippetCell.swift */,
				1F5487CB2282A4DD008F6823 /* ArticleSnippetCell.xib */,
			);
			path = Snippet;
			sourceTree = "<group>";
		};
		1F5487CE2282A60F008F6823 /* Article Items */ = {
			isa = PBXGroup;
			children = (
				1F5487BB2281C1D6008F6823 /* Title */,
				1F5487C92282A4BC008F6823 /* Snippet */,
				1F5487CF2282A640008F6823 /* Published Date */,
				1F5487D02282A646008F6823 /* Banner */,
				1F38BADF22846C7E008A07CE /* Caption  */,
			);
			path = "Article Items";
			sourceTree = "<group>";
		};
		1F5487CF2282A640008F6823 /* Published Date */ = {
			isa = PBXGroup;
			children = (
				1F5487B72281BEA3008F6823 /* ArticlePublishedDateItem.swift */,
				1F5487D12282A733008F6823 /* ArticlePublishedDateCell.swift */,
				1F5487D22282A733008F6823 /* ArticlePublishedDateCell.xib */,
			);
			path = "Published Date";
			sourceTree = "<group>";
		};
		1F5487D02282A646008F6823 /* Banner */ = {
			isa = PBXGroup;
			children = (
				1F5487B92281C079008F6823 /* ArticleBannerItem.swift */,
				1F5487D72282A915008F6823 /* ArticleBannerCell.swift */,
				1F5487D82282A915008F6823 /* ArticleBannerCell.xib */,
			);
			path = Banner;
			sourceTree = "<group>";
		};
		1F5487E72282DB5C008F6823 /* Separator */ = {
			isa = PBXGroup;
			children = (
				1F5487E52282DB2A008F6823 /* SepartorItem.swift */,
				1F5487E82282DB6D008F6823 /* SepartorView.swift */,
			);
			path = Separator;
			sourceTree = "<group>";
		};
		1F5487FE22835D95008F6823 /* Additional Info */ = {
			isa = PBXGroup;
			children = (
				1F5487FC22835D8D008F6823 /* AdditionalInfoItem.swift */,
				1F5487FF22835DC6008F6823 /* AdditionalInfoCell.swift */,
				1F54880022835DC6008F6823 /* AdditionalInfoCell.xib */,
			);
			path = "Additional Info";
			sourceTree = "<group>";
		};
		1F95E22D227CB57100EA7B02 /* Utility */ = {
			isa = PBXGroup;
			children = (
				1F5487D52282A855008F6823 /* Date+Utility.swift */,
				1F5487A922815285008F6823 /* DateFormatter+Utility.swift */,
				1F5487AB228154BA008F6823 /* JSONDecoder+Utility.swift */,
				1F95E22B227CB50D00EA7B02 /* String+Utility.swift */,
				1F5487EE2282F472008F6823 /* UIColor+Utility.swift */,
				1F5487F02282FBDC008F6823 /* UIFont+Utility.swift */,
				1F95E22E227CB69E00EA7B02 /* UIImage+Utility.swift */,
				1F5487EC2282EA6F008F6823 /* UIScrollView+Utility.swift */,
				1F5487E32282D1DD008F6823 /* UIVIew+Utility.swift */,
			);
			path = Utility;
			sourceTree = "<group>";
		};
		1F97D39322806B390059808A = {
			isa = PBXGroup;
			children = (
				1F3FAD5F22818A9B002A0705 /* README.md */,
				1F97D39E22806B390059808A /* NewYourTimes */,
				1F4525A82285B15D00CFFA7F /* NewYourTimesTests */,
				1F97D39D22806B390059808A /* Products */,
			);
			sourceTree = "<group>";
		};
		1F97D39D22806B390059808A /* Products */ = {
			isa = PBXGroup;
			children = (
				1F97D39C22806B390059808A /* NewYourTimes.app */,
				1F4525A72285B15D00CFFA7F /* NewYourTimesTests.xctest */,
			);
			name = Products;
			sourceTree = "<group>";
		};
		1F97D39E22806B390059808A /* NewYourTimes */ = {
			isa = PBXGroup;
			children = (
				1F97D3D022806C530059808A /* Source */,
				1F97D3D422806DAD0059808A /* Resources */,
				1F97D3D622806E690059808A /* Supporting Files */,
			);
			path = NewYourTimes;
			sourceTree = "<group>";
		};
		1F97D3D022806C530059808A /* Source */ = {
			isa = PBXGroup;
			children = (
				1F97D39F22806B390059808A /* AppDelegate.swift */,
				1F97D3D122806C680059808A /* UI */,
				1F97D3D8228070C20059808A /* Components */,
				1F97D3D322806CA60059808A /* Common */,
			);
			path = Source;
			sourceTree = "<group>";
		};
		1F97D3D122806C680059808A /* UI */ = {
			isa = PBXGroup;
			children = (
				1F3FAD4322818169002A0705 /* Custom */,
				1F5487C02281C63A008F6823 /* Shared */,
				1F3FAD44228181B8002A0705 /* Screens */,
			);
			path = UI;
			sourceTree = "<group>";
		};
		1F97D3D222806C750059808A /* Repositories */ = {
			isa = PBXGroup;
			children = (
				1F3FAD2922817ADC002A0705 /* Image Repository */,
				1F3FACF722804F59002A0705 /* Article Repository */,
				1F3FAD6E2283419E002A0705 /* SearchArticle Repository */,
			);
			path = Repositories;
			sourceTree = "<group>";
		};
		1F97D3D322806CA60059808A /* Common */ = {
			isa = PBXGroup;
			children = (
				1F95E21C227CB1A700EA7B02 /* Mics.swift */,
				1F95E22D227CB57100EA7B02 /* Utility */,
			);
			path = Common;
			sourceTree = "<group>";
		};
		1F97D3D422806DAD0059808A /* Resources */ = {
			isa = PBXGroup;
			children = (
				1F97D3A922806B3B0059808A /* Images.xcassets */,
				1F97D3AB22806B3B0059808A /* LaunchScreen.storyboard */,
				1F3FAD4B22818389002A0705 /* Localizable.strings */,
			);
			path = Resources;
			sourceTree = "<group>";
		};
		1F97D3D622806E690059808A /* Supporting Files */ = {
			isa = PBXGroup;
			children = (
				1F97D3AE22806B3B0059808A /* Info.plist */,
			);
			path = "Supporting Files";
			sourceTree = "<group>";
		};
		1F97D3D8228070C20059808A /* Components */ = {
			isa = PBXGroup;
			children = (
				1F5487A52280B3EB008F6823 /* API.swift */,
				1F3FAD6C2283419E002A0705 /* ServiceProvider.swift */,
				1F5487FA22835930008F6823 /* DatabaseStore.swift */,
				1F97D3D222806C750059808A /* Repositories */,
				1F3FAD51228184DB002A0705 /* Models */,
			);
			path = Components;
			sourceTree = "<group>";
		};
		1F97D3D92280715A0059808A /* Home */ = {
			isa = PBXGroup;
			children = (
				1F3FAD2B22817B38002A0705 /* HomeProtocol.swift */,
				1F5487AF2281BD8D008F6823 /* Modules */,
			);
			path = Home;
			sourceTree = "<group>";
		};
		1F97D3DA228071660059808A /* Article  */ = {
			isa = PBXGroup;
			children = (
				1F38BAD222846B3A008A07CE /* ArticleProtocol.swift */,
				1F38BAD422846B46008A07CE /* Modules */,
			);
			path = "Article ";
			sourceTree = "<group>";
		};
/* End PBXGroup section */

/* Begin PBXNativeTarget section */
		1F4525A62285B15D00CFFA7F /* NewYourTimesTests */ = {
			isa = PBXNativeTarget;
			buildConfigurationList = 1F4525AE2285B15D00CFFA7F /* Build configuration list for PBXNativeTarget "NewYourTimesTests" */;
			buildPhases = (
				1F4525A32285B15D00CFFA7F /* Sources */,
				1F4525A42285B15D00CFFA7F /* Frameworks */,
				1F4525A52285B15D00CFFA7F /* Resources */,
			);
			buildRules = (
			);
			dependencies = (
				1F4525AD2285B15D00CFFA7F /* PBXTargetDependency */,
			);
			name = NewYourTimesTests;
			productName = NewYourTimesTests;
			productReference = 1F4525A72285B15D00CFFA7F /* NewYourTimesTests.xctest */;
			productType = "com.apple.product-type.bundle.unit-test";
		};
		1F97D39B22806B390059808A /* NewYourTimes */ = {
			isa = PBXNativeTarget;
			buildConfigurationList = 1F97D3C722806B3B0059808A /* Build configuration list for PBXNativeTarget "NewYourTimes" */;
			buildPhases = (
				1F97D39822806B390059808A /* Sources */,
				1F97D39922806B390059808A /* Frameworks */,
				1F97D39A22806B390059808A /* Resources */,
			);
			buildRules = (
			);
			dependencies = (
			);
			name = NewYourTimes;
			productName = NewYourTimes_Demo;
			productReference = 1F97D39C22806B390059808A /* NewYourTimes.app */;
			productType = "com.apple.product-type.application";
		};
/* End PBXNativeTarget section */

/* Begin PBXProject section */
		1F97D39422806B390059808A /* Project object */ = {
			isa = PBXProject;
			attributes = {
				LastSwiftUpdateCheck = 1020;
				LastUpgradeCheck = 1020;
				ORGANIZATIONNAME = "An Le";
				TargetAttributes = {
					1F4525A62285B15D00CFFA7F = {
						CreatedOnToolsVersion = 10.2;
						TestTargetID = 1F97D39B22806B390059808A;
					};
					1F97D39B22806B390059808A = {
						CreatedOnToolsVersion = 10.2;
					};
				};
			};
			buildConfigurationList = 1F97D39722806B390059808A /* Build configuration list for PBXProject "NewYourTimes" */;
			compatibilityVersion = "Xcode 9.3";
			developmentRegion = en;
			hasScannedForEncodings = 0;
			knownRegions = (
				en,
				Base,
			);
			mainGroup = 1F97D39322806B390059808A;
			productRefGroup = 1F97D39D22806B390059808A /* Products */;
			projectDirPath = "";
			projectRoot = "";
			targets = (
				1F97D39B22806B390059808A /* NewYourTimes */,
				1F4525A62285B15D00CFFA7F /* NewYourTimesTests */,
			);
		};
/* End PBXProject section */

/* Begin PBXResourcesBuildPhase section */
		1F4525A52285B15D00CFFA7F /* Resources */ = {
			isa = PBXResourcesBuildPhase;
			buildActionMask = 2147483647;
			files = (
				1F4525CE2285F88900CFFA7F /* image.jpg in Resources */,
			);
			runOnlyForDeploymentPostprocessing = 0;
		};
		1F97D39A22806B390059808A /* Resources */ = {
			isa = PBXResourcesBuildPhase;
			buildActionMask = 2147483647;
			files = (
				1F38BAE522846CA9008A07CE /* ArticleCaptionCell.xib in Resources */,
				1F5487DA2282A915008F6823 /* ArticleBannerCell.xib in Resources */,
				1F97D3AD22806B3B0059808A /* LaunchScreen.storyboard in Resources */,
				1F5487D42282A733008F6823 /* ArticlePublishedDateCell.xib in Resources */,
				1F3FAD4C22818389002A0705 /* Localizable.strings in Resources */,
				1F5487CD2282A4DD008F6823 /* ArticleSnippetCell.xib in Resources */,
				1F3FAD6022818A9B002A0705 /* README.md in Resources */,
				1F97D3AA22806B3B0059808A /* Images.xcassets in Resources */,
				1F5487BF2281C1FD008F6823 /* ArticleTitleCell.xib in Resources */,
				1F54880222835DC6008F6823 /* AdditionalInfoCell.xib in Resources */,
			);
			runOnlyForDeploymentPostprocessing = 0;
		};
/* End PBXResourcesBuildPhase section */

/* Begin PBXSourcesBuildPhase section */
		1F4525A32285B15D00CFFA7F /* Sources */ = {
			isa = PBXSourcesBuildPhase;
			buildActionMask = 2147483647;
			files = (
				1F4525CA2285F5A200CFFA7F /* TestImageLocalDataSource.swift in Sources */,
				1F4525BB2285EFF500CFFA7F /* MockImageLocalDataSource.swift in Sources */,
				1F4525C02285F31600CFFA7F /* Default.swift in Sources */,
				1F4525BD2285F08A00CFFA7F /* MockServiceProvider.swift in Sources */,
				1F4525B52285E47600CFFA7F /* TestServiceProvider.swift in Sources */,
				1F4525C22285F43D00CFFA7F /* MockImageRemoteDataSource.swift in Sources */,
				1F4525B32285DEAB00CFFA7F /* APITest.swift in Sources */,
				1F4525C82285F59700CFFA7F /* TestImageRemoteDataSource.swift in Sources */,
				1F4525B72285EB2B00CFFA7F /* TestDatabaseStore.swift in Sources */,
				1F4525C62285F58C00CFFA7F /* TestImageRepository.swift in Sources */,
			);
			runOnlyForDeploymentPostprocessing = 0;
		};
		1F97D39822806B390059808A /* Sources */ = {
			isa = PBXSourcesBuildPhase;
			buildActionMask = 2147483647;
			files = (
				1F5487B82281BEA3008F6823 /* ArticlePublishedDateItem.swift in Sources */,
				1F5487EA2282DB6D008F6823 /* SepartorView.swift in Sources */,
				1F38BAC822841FD7008A07CE /* SearchPresenter.swift in Sources */,
				1F3FAD652281FC1B002A0705 /* ACVProtocol.swift in Sources */,
				1F3FACF622804F3F002A0705 /* AriticleRepository.swift in Sources */,
				1F5487E42282D1DD008F6823 /* UIVIew+Utility.swift in Sources */,
				1F38BAD322846B3A008A07CE /* ArticleProtocol.swift in Sources */,
				1F38BACC22843BB8008A07CE /* SearchArticleSection.swift in Sources */,
				1F5487C22281C882008F6823 /* HomeViewController.swift in Sources */,
				1F5487D92282A915008F6823 /* ArticleBannerCell.swift in Sources */,
				1F95E21D227CB1A700EA7B02 /* Mics.swift in Sources */,
				1F3FAD54228184F0002A0705 /* Article.swift in Sources */,
				1F38BAC12283F1B6008A07CE /* ACVViewController.swift in Sources */,
				1F5487AA22815285008F6823 /* DateFormatter+Utility.swift in Sources */,
				1F3FAD3222817B79002A0705 /* HomeInteractor.swift in Sources */,
				1F5487FB22835930008F6823 /* DatabaseStore.swift in Sources */,
				1F5487ED2282EA6F008F6823 /* UIScrollView+Utility.swift in Sources */,
				1F3FAD3A22817D44002A0705 /* ImageRemoteDataSource.swift in Sources */,
				1F3FACFF2280503C002A0705 /* ArticleRemoteDataSource.swift in Sources */,
				1F5487D32282A733008F6823 /* ArticlePublishedDateCell.swift in Sources */,
				1F54880122835DC6008F6823 /* AdditionalInfoCell.swift in Sources */,
				1F5487D62282A855008F6823 /* Date+Utility.swift in Sources */,
				1F38BADC22846B86008A07CE /* ArticleInteractor.swift in Sources */,
				1F3FACFD2280502D002A0705 /* ArticleLocalDataSource.swift in Sources */,
				1F3FAD6D2283419E002A0705 /* ServiceProvider.swift in Sources */,
				1F97D3A022806B390059808A /* AppDelegate.swift in Sources */,
				1F5487CC2282A4DD008F6823 /* ArticleSnippetCell.swift in Sources */,
				1F5487E62282DB2A008F6823 /* SepartorItem.swift in Sources */,
				1F38BADA22846B7B008A07CE /* ArticlePresenter.swift in Sources */,
				1F5487B62281BE82008F6823 /* ArticleSnippetItem.swift in Sources */,
				1F5487BA2281C079008F6823 /* ArticleBannerItem.swift in Sources */,
				1F38BAC622841DF0008A07CE /* SearchRouter.swift in Sources */,
				1F5487A62280B3EB008F6823 /* API.swift in Sources */,
				1F38BACA22841FF0008A07CE /* SearchInteractor.swift in Sources */,
				1F3FAD3822817D34002A0705 /* ImageLocalDataSource.swift in Sources */,
				1F5487EF2282F472008F6823 /* UIColor+Utility.swift in Sources */,
				1F38BAE722846DF4008A07CE /* ArticleDetailView.swift in Sources */,
				1F95E22C227CB50D00EA7B02 /* String+Utility.swift in Sources */,
				1F5487F722834CB7008F6823 /* SearchArticleRemoteDataSource.swift in Sources */,
				1F5487C622829495008F6823 /* FullWidthCollectionViewCell.swift in Sources */,
				1F5487F322834C95008F6823 /* SearchArticleRepository.swift in Sources */,
				1F38BADE22846B9A008A07CE /* ArticleRouter.swift in Sources */,
				1F3FAD3622817D25002A0705 /* ImageRepository.swift in Sources */,
				1F5487AC228154BA008F6823 /* JSONDecoder+Utility.swift in Sources */,
				1F5487B22281BDCE008F6823 /* HomeArticleSection.swift in Sources */,
				1F5487F522834CA2008F6823 /* SearchArticleLocalDataSource.swift in Sources */,
				1F3FAD3022817B70002A0705 /* HomePresenter.swift in Sources */,
				1F5487BE2281C1FD008F6823 /* ArticleTitleCell.swift in Sources */,
				1F3FAD3422817B82002A0705 /* HomeRouter.swift in Sources */,
				1F5487F12282FBDC008F6823 /* UIFont+Utility.swift in Sources */,
				1F95E215227CAD9900EA7B02 /* AdvancedImageView.swift in Sources */,
				1F38BAE122846C8E008A07CE /* ArticleCaptionItem.swift in Sources */,
				1F3FAD2C22817B38002A0705 /* HomeProtocol.swift in Sources */,
				1F3FAD672281FE42002A0705 /* ACVAdapter.swift in Sources */,
				1F95E22F227CB69E00EA7B02 /* UIImage+Utility.swift in Sources */,
				1F38BAD122844140008A07CE /* SearchKeywordSection.swift in Sources */,
				1F38BAC322840F2E008A07CE /* SearchProtocol.swift in Sources */,
				1F5487A82280BC08008F6823 /* Image.swift in Sources */,
				1F5487C82282A198008F6823 /* ACVFlowLayout.swift in Sources */,
				1F38BABD2283F024008A07CE /* SearchViewController.swift in Sources */,
				1F5487F922834EC8008F6823 /* SearchArticle.swift in Sources */,
				1F5487FD22835D8D008F6823 /* AdditionalInfoItem.swift in Sources */,
				1F38BAE422846CA9008A07CE /* ArticleCaptionCell.swift in Sources */,
				1F38BAD822846B6B008A07CE /* ArticleViewController.swift in Sources */,
				1F5487B42281BE71008F6823 /* ArticleTitleItem.swift in Sources */,
				1F38BAE922849465008A07CE /* ArticleDetailSection.swift in Sources */,
			);
			runOnlyForDeploymentPostprocessing = 0;
		};
/* End PBXSourcesBuildPhase section */

/* Begin PBXTargetDependency section */
		1F4525AD2285B15D00CFFA7F /* PBXTargetDependency */ = {
			isa = PBXTargetDependency;
			target = 1F97D39B22806B390059808A /* NewYourTimes */;
			targetProxy = 1F4525AC2285B15D00CFFA7F /* PBXContainerItemProxy */;
		};
/* End PBXTargetDependency section */

/* Begin PBXVariantGroup section */
		1F97D3AB22806B3B0059808A /* LaunchScreen.storyboard */ = {
			isa = PBXVariantGroup;
			children = (
				1F97D3AC22806B3B0059808A /* Base */,
			);
			name = LaunchScreen.storyboard;
			sourceTree = "<group>";
		};
/* End PBXVariantGroup section */

/* Begin XCBuildConfiguration section */
		1F4525AF2285B15D00CFFA7F /* Debug */ = {
			isa = XCBuildConfiguration;
			buildSettings = {
				BUNDLE_LOADER = "$(TEST_HOST)";
				CODE_SIGN_STYLE = Automatic;
				INFOPLIST_FILE = NewYourTimesTests/Info.plist;
				LD_RUNPATH_SEARCH_PATHS = (
					"$(inherited)",
					"@executable_path/Frameworks",
					"@loader_path/Frameworks",
				);
				PRODUCT_BUNDLE_IDENTIFIER = com.nab.NewYourTimesTests;
				PRODUCT_NAME = "$(TARGET_NAME)";
				SWIFT_VERSION = 5.0;
				TARGETED_DEVICE_FAMILY = "1,2";
				TEST_HOST = "$(BUILT_PRODUCTS_DIR)/NewYourTimes.app/NewYourTimes";
			};
			name = Debug;
		};
		1F4525B02285B15D00CFFA7F /* Release */ = {
			isa = XCBuildConfiguration;
			buildSettings = {
				BUNDLE_LOADER = "$(TEST_HOST)";
				CODE_SIGN_STYLE = Automatic;
				INFOPLIST_FILE = NewYourTimesTests/Info.plist;
				LD_RUNPATH_SEARCH_PATHS = (
					"$(inherited)",
					"@executable_path/Frameworks",
					"@loader_path/Frameworks",
				);
				PRODUCT_BUNDLE_IDENTIFIER = com.nab.NewYourTimesTests;
				PRODUCT_NAME = "$(TARGET_NAME)";
				SWIFT_VERSION = 5.0;
				TARGETED_DEVICE_FAMILY = "1,2";
				TEST_HOST = "$(BUILT_PRODUCTS_DIR)/NewYourTimes.app/NewYourTimes";
			};
			name = Release;
		};
		1F97D3C522806B3B0059808A /* Debug */ = {
			isa = XCBuildConfiguration;
			buildSettings = {
				ALWAYS_SEARCH_USER_PATHS = NO;
				CLANG_ANALYZER_NONNULL = YES;
				CLANG_ANALYZER_NUMBER_OBJECT_CONVERSION = YES_AGGRESSIVE;
				CLANG_CXX_LANGUAGE_STANDARD = "gnu++14";
				CLANG_CXX_LIBRARY = "libc++";
				CLANG_ENABLE_MODULES = YES;
				CLANG_ENABLE_OBJC_ARC = YES;
				CLANG_ENABLE_OBJC_WEAK = YES;
				CLANG_WARN_BLOCK_CAPTURE_AUTORELEASING = YES;
				CLANG_WARN_BOOL_CONVERSION = YES;
				CLANG_WARN_COMMA = YES;
				CLANG_WARN_CONSTANT_CONVERSION = YES;
				CLANG_WARN_DEPRECATED_OBJC_IMPLEMENTATIONS = YES;
				CLANG_WARN_DIRECT_OBJC_ISA_USAGE = YES_ERROR;
				CLANG_WARN_DOCUMENTATION_COMMENTS = YES;
				CLANG_WARN_EMPTY_BODY = YES;
				CLANG_WARN_ENUM_CONVERSION = YES;
				CLANG_WARN_INFINITE_RECURSION = YES;
				CLANG_WARN_INT_CONVERSION = YES;
				CLANG_WARN_NON_LITERAL_NULL_CONVERSION = YES;
				CLANG_WARN_OBJC_IMPLICIT_RETAIN_SELF = YES;
				CLANG_WARN_OBJC_LITERAL_CONVERSION = YES;
				CLANG_WARN_OBJC_ROOT_CLASS = YES_ERROR;
				CLANG_WARN_RANGE_LOOP_ANALYSIS = YES;
				CLANG_WARN_STRICT_PROTOTYPES = YES;
				CLANG_WARN_SUSPICIOUS_MOVE = YES;
				CLANG_WARN_UNGUARDED_AVAILABILITY = YES_AGGRESSIVE;
				CLANG_WARN_UNREACHABLE_CODE = YES;
				CLANG_WARN__DUPLICATE_METHOD_MATCH = YES;
				CODE_SIGN_IDENTITY = "iPhone Developer";
				COPY_PHASE_STRIP = NO;
				DEBUG_INFORMATION_FORMAT = dwarf;
				ENABLE_STRICT_OBJC_MSGSEND = YES;
				ENABLE_TESTABILITY = YES;
				GCC_C_LANGUAGE_STANDARD = gnu11;
				GCC_DYNAMIC_NO_PIC = NO;
				GCC_NO_COMMON_BLOCKS = YES;
				GCC_OPTIMIZATION_LEVEL = 0;
				GCC_PREPROCESSOR_DEFINITIONS = (
					"DEBUG=1",
					"$(inherited)",
				);
				GCC_WARN_64_TO_32_BIT_CONVERSION = YES;
				GCC_WARN_ABOUT_RETURN_TYPE = YES_ERROR;
				GCC_WARN_UNDECLARED_SELECTOR = YES;
				GCC_WARN_UNINITIALIZED_AUTOS = YES_AGGRESSIVE;
				GCC_WARN_UNUSED_FUNCTION = YES;
				GCC_WARN_UNUSED_VARIABLE = YES;
				IPHONEOS_DEPLOYMENT_TARGET = 12.2;
				MTL_ENABLE_DEBUG_INFO = INCLUDE_SOURCE;
				MTL_FAST_MATH = YES;
				ONLY_ACTIVE_ARCH = YES;
				SDKROOT = iphoneos;
				SWIFT_ACTIVE_COMPILATION_CONDITIONS = DEBUG;
				SWIFT_OPTIMIZATION_LEVEL = "-Onone";
			};
			name = Debug;
		};
		1F97D3C622806B3B0059808A /* Release */ = {
			isa = XCBuildConfiguration;
			buildSettings = {
				ALWAYS_SEARCH_USER_PATHS = NO;
				CLANG_ANALYZER_NONNULL = YES;
				CLANG_ANALYZER_NUMBER_OBJECT_CONVERSION = YES_AGGRESSIVE;
				CLANG_CXX_LANGUAGE_STANDARD = "gnu++14";
				CLANG_CXX_LIBRARY = "libc++";
				CLANG_ENABLE_MODULES = YES;
				CLANG_ENABLE_OBJC_ARC = YES;
				CLANG_ENABLE_OBJC_WEAK = YES;
				CLANG_WARN_BLOCK_CAPTURE_AUTORELEASING = YES;
				CLANG_WARN_BOOL_CONVERSION = YES;
				CLANG_WARN_COMMA = YES;
				CLANG_WARN_CONSTANT_CONVERSION = YES;
				CLANG_WARN_DEPRECATED_OBJC_IMPLEMENTATIONS = YES;
				CLANG_WARN_DIRECT_OBJC_ISA_USAGE = YES_ERROR;
				CLANG_WARN_DOCUMENTATION_COMMENTS = YES;
				CLANG_WARN_EMPTY_BODY = YES;
				CLANG_WARN_ENUM_CONVERSION = YES;
				CLANG_WARN_INFINITE_RECURSION = YES;
				CLANG_WARN_INT_CONVERSION = YES;
				CLANG_WARN_NON_LITERAL_NULL_CONVERSION = YES;
				CLANG_WARN_OBJC_IMPLICIT_RETAIN_SELF = YES;
				CLANG_WARN_OBJC_LITERAL_CONVERSION = YES;
				CLANG_WARN_OBJC_ROOT_CLASS = YES_ERROR;
				CLANG_WARN_RANGE_LOOP_ANALYSIS = YES;
				CLANG_WARN_STRICT_PROTOTYPES = YES;
				CLANG_WARN_SUSPICIOUS_MOVE = YES;
				CLANG_WARN_UNGUARDED_AVAILABILITY = YES_AGGRESSIVE;
				CLANG_WARN_UNREACHABLE_CODE = YES;
				CLANG_WARN__DUPLICATE_METHOD_MATCH = YES;
				CODE_SIGN_IDENTITY = "iPhone Developer";
				COPY_PHASE_STRIP = NO;
				DEBUG_INFORMATION_FORMAT = "dwarf-with-dsym";
				ENABLE_NS_ASSERTIONS = NO;
				ENABLE_STRICT_OBJC_MSGSEND = YES;
				GCC_C_LANGUAGE_STANDARD = gnu11;
				GCC_NO_COMMON_BLOCKS = YES;
				GCC_WARN_64_TO_32_BIT_CONVERSION = YES;
				GCC_WARN_ABOUT_RETURN_TYPE = YES_ERROR;
				GCC_WARN_UNDECLARED_SELECTOR = YES;
				GCC_WARN_UNINITIALIZED_AUTOS = YES_AGGRESSIVE;
				GCC_WARN_UNUSED_FUNCTION = YES;
				GCC_WARN_UNUSED_VARIABLE = YES;
				IPHONEOS_DEPLOYMENT_TARGET = 12.2;
				MTL_ENABLE_DEBUG_INFO = NO;
				MTL_FAST_MATH = YES;
				SDKROOT = iphoneos;
				SWIFT_COMPILATION_MODE = wholemodule;
				SWIFT_OPTIMIZATION_LEVEL = "-O";
				VALIDATE_PRODUCT = YES;
			};
			name = Release;
		};
		1F97D3C822806B3B0059808A /* Debug */ = {
			isa = XCBuildConfiguration;
			buildSettings = {
				ASSETCATALOG_COMPILER_APPICON_NAME = AppIcon;
				CODE_SIGN_STYLE = Automatic;
				DEVELOPMENT_TEAM = 2QHF7H3E43;
				INFOPLIST_FILE = "$(SRCROOT)/NewYourTimes/Supporting Files/Info.plist";
				IPHONEOS_DEPLOYMENT_TARGET = 9.0;
				LD_RUNPATH_SEARCH_PATHS = (
					"$(inherited)",
					"@executable_path/Frameworks",
				);
				PRODUCT_BUNDLE_IDENTIFIER = "com.nab.NewYourTimes-Demo";
				PRODUCT_NAME = "$(TARGET_NAME)";
				SWIFT_VERSION = 5.0;
				TARGETED_DEVICE_FAMILY = "1,2";
			};
			name = Debug;
		};
		1F97D3C922806B3B0059808A /* Release */ = {
			isa = XCBuildConfiguration;
			buildSettings = {
				ASSETCATALOG_COMPILER_APPICON_NAME = AppIcon;
				CODE_SIGN_STYLE = Automatic;
				DEVELOPMENT_TEAM = 2QHF7H3E43;
				INFOPLIST_FILE = "$(SRCROOT)/NewYourTimes/Supporting Files/Info.plist";
				IPHONEOS_DEPLOYMENT_TARGET = 9.0;
				LD_RUNPATH_SEARCH_PATHS = (
					"$(inherited)",
					"@executable_path/Frameworks",
				);
				PRODUCT_BUNDLE_IDENTIFIER = "com.nab.NewYourTimes-Demo";
				PRODUCT_NAME = "$(TARGET_NAME)";
				SWIFT_VERSION = 5.0;
				TARGETED_DEVICE_FAMILY = "1,2";
			};
			name = Release;
		};
/* End XCBuildConfiguration section */

/* Begin XCConfigurationList section */
		1F4525AE2285B15D00CFFA7F /* Build configuration list for PBXNativeTarget "NewYourTimesTests" */ = {
			isa = XCConfigurationList;
			buildConfigurations = (
				1F4525AF2285B15D00CFFA7F /* Debug */,
				1F4525B02285B15D00CFFA7F /* Release */,
			);
			defaultConfigurationIsVisible = 0;
			defaultConfigurationName = Release;
		};
		1F97D39722806B390059808A /* Build configuration list for PBXProject "NewYourTimes" */ = {
			isa = XCConfigurationList;
			buildConfigurations = (
				1F97D3C522806B3B0059808A /* Debug */,
				1F97D3C622806B3B0059808A /* Release */,
			);
			defaultConfigurationIsVisible = 0;
			defaultConfigurationName = Release;
		};
		1F97D3C722806B3B0059808A /* Build configuration list for PBXNativeTarget "NewYourTimes" */ = {
			isa = XCConfigurationList;
			buildConfigurations = (
				1F97D3C822806B3B0059808A /* Debug */,
				1F97D3C922806B3B0059808A /* Release */,
			);
			defaultConfigurationIsVisible = 0;
			defaultConfigurationName = Release;
		};
/* End XCConfigurationList section */
	};
	rootObject = 1F97D39422806B390059808A /* Project object */;
}
